
Microsoft Visual Studio Solution File, Format Version 12.00
# Visual Studio Version 17
VisualStudioVersion = 17.6.33829.357
MinimumVisualStudioVersion = 10.0.40219.1
Project("{9A19103F-16F7-4668-BE54-9A1E7A4F7556}") = "WEB_153501_BYCHKO", "WEB_153501_BYCHKO.csproj", "{60D2E375-A62C-4054-B818-92A03788A0D3}"
EndProject
Project("{9A19103F-16F7-4668-BE54-9A1E7A4F7556}") = "WEB_153501_BYCHKO.Domain", "..\WEB_153501_BYCHKO.Domain\WEB_153501_BYCHKO.Domain.csproj", "{DA6C5C79-3153-43C5-96A5-381B18966ABC}"
EndProject
Project("{9A19103F-16F7-4668-BE54-9A1E7A4F7556}") = "WEB_153501_BYCHKO.API", "..\WEB_153501_BYCHKO.API\WEB_153501_BYCHKO.API.csproj", "{285DE92B-A638-4A13-9615-1BD80D4CAB9A}"
EndProject
Project("{9A19103F-16F7-4668-BE54-9A1E7A4F7556}") = "WEB_153501_BYCHKO.IdentityServer", "..\WEB_153501_BYCHKO.IdentityServer\WEB_153501_BYCHKO.IdentityServer.csproj", "{BF533D4E-B808-4E27-8B14-B4DC17B280B2}"
EndProject
Project("{9A19103F-16F7-4668-BE54-9A1E7A4F7556}") = "153501_Bychko.Tests", "..\153501_Bychko.Tests\153501_Bychko.Tests.csproj", "{B0F8DF32-5366-43FC-91A6-F7CC8900069B}"
EndProject
Project("{9A19103F-16F7-4668-BE54-9A1E7A4F7556}") = "WEB_153501_BYCHKO.BlazorWasm", "..\WEB_153501_BYCHKO.BlazorWasm\WEB_153501_BYCHKO.BlazorWasm.csproj", "{5182D478-21C1-444F-A635-07F395CE5EEF}"
EndProject
Global
	GlobalSection(SolutionConfigurationPlatforms) = preSolution
		Debug|Any CPU = Debug|Any CPU
		Release|Any CPU = Release|Any CPU
	EndGlobalSection
	GlobalSection(ProjectConfigurationPlatforms) = postSolution
		{60D2E375-A62C-4054-B818-92A03788A0D3}.Debug|Any CPU.ActiveCfg = Debug|Any CPU
		{60D2E375-A62C-4054-B818-92A03788A0D3}.Debug|Any CPU.Build.0 = Debug|Any CPU
		{60D2E375-A62C-4054-B818-92A03788A0D3}.Release|Any CPU.ActiveCfg = Release|Any CPU
		{60D2E375-A62C-4054-B818-92A03788A0D3}.Release|Any CPU.Build.0 = Release|Any CPU
		{DA6C5C79-3153-43C5-96A5-381B18966ABC}.Debug|Any CPU.ActiveCfg = Debug|Any CPU
		{DA6C5C79-3153-43C5-96A5-381B18966ABC}.Debug|Any CPU.Build.0 = Debug|Any CPU
		{DA6C5C79-3153-43C5-96A5-381B18966ABC}.Release|Any CPU.ActiveCfg = Release|Any CPU
		{DA6C5C79-3153-43C5-96A5-381B18966ABC}.Release|Any CPU.Build.0 = Release|Any CPU
		{285DE92B-A638-4A13-9615-1BD80D4CAB9A}.Debug|Any CPU.ActiveCfg = Debug|Any CPU
		{285DE92B-A638-4A13-9615-1BD80D4CAB9A}.Debug|Any CPU.Build.0 = Debug|Any CPU
		{285DE92B-A638-4A13-9615-1BD80D4CAB9A}.Release|Any CPU.ActiveCfg = Release|Any CPU
		{285DE92B-A638-4A13-9615-1BD80D4CAB9A}.Release|Any CPU.Build.0 = Release|Any CPU
		{BF533D4E-B808-4E27-8B14-B4DC17B280B2}.Debug|Any CPU.ActiveCfg = Debug|Any CPU
		{BF533D4E-B808-4E27-8B14-B4DC17B280B2}.Debug|Any CPU.Build.0 = Debug|Any CPU
		{BF533D4E-B808-4E27-8B14-B4DC17B280B2}.Release|Any CPU.ActiveCfg = Release|Any CPU
		{BF533D4E-B808-4E27-8B14-B4DC17B280B2}.Release|Any CPU.Build.0 = Release|Any CPU
		{B0F8DF32-5366-43FC-91A6-F7CC8900069B}.Debug|Any CPU.ActiveCfg = Debug|Any CPU
		{B0F8DF32-5366-43FC-91A6-F7CC8900069B}.Debug|Any CPU.Build.0 = Debug|Any CPU
		{B0F8DF32-5366-43FC-91A6-F7CC8900069B}.Release|Any CPU.ActiveCfg = Release|Any CPU
		{B0F8DF32-5366-43FC-91A6-F7CC8900069B}.Release|Any CPU.Build.0 = Release|Any CPU
		{5182D478-21C1-444F-A635-07F395CE5EEF}.Debug|Any CPU.ActiveCfg = Debug|Any CPU
		{5182D478-21C1-444F-A635-07F395CE5EEF}.Debug|Any CPU.Build.0 = Debug|Any CPU
		{5182D478-21C1-444F-A635-07F395CE5EEF}.Release|Any CPU.ActiveCfg = Release|Any CPU
		{5182D478-21C1-444F-A635-07F395CE5EEF}.Release|Any CPU.Build.0 = Release|Any CPU
	EndGlobalSection
	GlobalSection(SolutionProperties) = preSolution
		HideSolutionNode = FALSE
	EndGlobalSection
	GlobalSection(ExtensibilityGlobals) = postSolution
		SolutionGuid = {72A12CFA-BA41-4D2C-8837-DC9565CE78E0}
	EndGlobalSection
EndGlobal
